
Microsoft Visual Studio Solution File, Format Version 12.00
# Visual Studio Version 17
VisualStudioVersion = 17.9.34728.123
MinimumVisualStudioVersion = 10.0.40219.1
Project("{FAE04EC0-301F-11D3-BF4B-00C04F79EFBC}") = "ArrayBasic", "ArrayBasic\ArrayBasic.csproj", "{7A28E5DF-19FE-42D3-B4D0-DAF18E26193A}"
EndProject
Global
	GlobalSection(SolutionConfigurationPlatforms) = preSolution
		Debug|Any CPU = Debug|Any CPU
		Release|Any CPU = Release|Any CPU
	EndGlobalSection
	GlobalSection(ProjectConfigurationPlatforms) = postSolution
		{7A28E5DF-19FE-42D3-B4D0-DAF18E26193A}.Debug|Any CPU.ActiveCfg = Debug|Any CPU
		{7A28E5DF-19FE-42D3-B4D0-DAF18E26193A}.Debug|Any CPU.Build.0 = Debug|Any CPU
		{7A28E5DF-19FE-42D3-B4D0-DAF18E26193A}.Release|Any CPU.ActiveCfg = Release|Any CPU
		{7A28E5DF-19FE-42D3-B4D0-DAF18E26193A}.Release|Any CPU.Build.0 = Release|Any CPU
	EndGlobalSection
	GlobalSection(SolutionProperties) = preSolution
		HideSolutionNode = FALSE
	EndGlobalSection
	GlobalSection(ExtensibilityGlobals) = postSolution
		SolutionGuid = {14819B58-AF7F-4C59-A66B-34A38943F8F4}
	EndGlobalSection
EndGlobal
